
Microsoft Visual Studio Solution File, Format Version 12.00
# Visual Studio Version 16
VisualStudioVersion = 16.0.31112.23
MinimumVisualStudioVersion = 10.0.40219.1
Project("{9A19103F-16F7-4668-BE54-9A1E7A4F7556}") = "ConsoleViaCepxml", "ConsoleApp1\ConsoleViaCepxml.csproj", "{84E19D73-DD61-425D-9BB8-14E92B950691}"
EndProject
Project("{2150E333-8FDC-42A3-9474-1A3956D46DE8}") = "ViaCep", "ViaCep", "{98CA78D3-6645-43F9-B1FD-DA6CF22727E7}"
EndProject
Project("{2150E333-8FDC-42A3-9474-1A3956D46DE8}") = "FtpDownload", "FtpDownload", "{010690C1-25F7-4AB3-AC39-2B5902C61A0A}"
EndProject
Project("{2150E333-8FDC-42A3-9474-1A3956D46DE8}") = "FtpUpload", "FtpUpload", "{D7CF0627-12BC-4EF1-A814-EC9370DA34E6}"
EndProject
Project("{9A19103F-16F7-4668-BE54-9A1E7A4F7556}") = "ConsoleFtpUpload", "ConsoleFtpUpload\ConsoleFtpUpload.csproj", "{2496DEB7-A202-4FA7-A5BE-15A9961E3822}"
EndProject
Project("{9A19103F-16F7-4668-BE54-9A1E7A4F7556}") = "ConsoleFtpDownload", "ConsoleFtpDownload\ConsoleFtpDownload.csproj", "{5A266E47-B445-4602-8D08-11CD0AE46751}"
EndProject
Project("{2150E333-8FDC-42A3-9474-1A3956D46DE8}") = "ParserZip", "ParserZip", "{552699C4-F05E-40AA-A1BE-BBA619F94DD5}"
EndProject
Project("{9A19103F-16F7-4668-BE54-9A1E7A4F7556}") = "ConsoleParserZip", "ConsoleParserZip\ConsoleParserZip.csproj", "{4B20D0A2-BAA9-449D-9C7F-3CBF2FBC5179}"
EndProject
Project("{2150E333-8FDC-42A3-9474-1A3956D46DE8}") = "Generic", "Generic", "{8BAEDB02-7433-40B4-B4B7-01AF82C7637D}"
EndProject
Project("{9A19103F-16F7-4668-BE54-9A1E7A4F7556}") = "GenericConsole", "GenericConsole\GenericConsole.csproj", "{1BAAFB92-F0F9-4582-A089-1F7C68A93D63}"
EndProject
Project("{2150E333-8FDC-42A3-9474-1A3956D46DE8}") = "ParserExcel", "ParserExcel", "{AB3C9022-EB03-40D2-8220-C0F32AF45242}"
EndProject
Project("{9A19103F-16F7-4668-BE54-9A1E7A4F7556}") = "PArserExcelConsole", "PArserExcelConsole\PArserExcelConsole.csproj", "{05DD0A19-BB97-4B46-94A3-58F7A0C1815C}"
EndProject
Project("{2150E333-8FDC-42A3-9474-1A3956D46DE8}") = "throttling", "throttling", "{572A90D0-838D-4B39-98CD-BFC9414518B8}"
EndProject
Project("{9A19103F-16F7-4668-BE54-9A1E7A4F7556}") = "ThrottleConsoleApp", "ThrottleConsoleApp\ThrottleConsoleApp.csproj", "{70D2C383-7436-46BA-9069-80482C58479E}"
EndProject
Project("{2150E333-8FDC-42A3-9474-1A3956D46DE8}") = "Throttling2", "Throttling2", "{25AA1BFF-1FB0-4584-B952-C7BF4C5865D6}"
EndProject
Project("{9A19103F-16F7-4668-BE54-9A1E7A4F7556}") = "ThrottlingConsole", "ThrottlingConsole\ThrottlingConsole.csproj", "{1EFAED0A-5DAA-4862-8675-779DF7FC470B}"
EndProject
Project("{2150E333-8FDC-42A3-9474-1A3956D46DE8}") = "INT100", "INT100", "{B3951C27-AA69-4EF2-92EA-82E6B9996E18}"
EndProject
Project("{9A19103F-16F7-4668-BE54-9A1E7A4F7556}") = "ConsoleINT100", "ConsoleINT100\ConsoleINT100.csproj", "{98B93DFC-1D0D-4904-AE9F-85F92E69F360}"
EndProject
Project("{2150E333-8FDC-42A3-9474-1A3956D46DE8}") = "INT096", "INT096", "{F50BFFD6-FFF8-4CC0-8721-9455694C18FE}"
EndProject
Project("{9A19103F-16F7-4668-BE54-9A1E7A4F7556}") = "ConsoleINT096", "ConsoleINT096\ConsoleINT096.csproj", "{6BA5F25E-8E54-4025-A9DD-CE377DD0F4ED}"
EndProject
Project("{2150E333-8FDC-42A3-9474-1A3956D46DE8}") = "INT054", "INT054", "{1240ABD1-2A4E-4AC6-B152-16AC82F14EF8}"
EndProject
Project("{9A19103F-16F7-4668-BE54-9A1E7A4F7556}") = "ConsoleINT054", "ConsoleINT054\ConsoleINT054.csproj", "{5A2CF42D-6ABA-4984-9650-9166E3E3B811}"
EndProject
Project("{2150E333-8FDC-42A3-9474-1A3956D46DE8}") = "GenericObject", "GenericObject", "{BA389AED-F1FB-46EF-B594-553C3112BEBB}"
EndProject
Project("{9A19103F-16F7-4668-BE54-9A1E7A4F7556}") = "ConsoleGenericObject", "ConsoleGenericObject\ConsoleGenericObject.csproj", "{CF7EE142-2A1B-4FB5-BAF0-4553EFD99697}"
EndProject
Project("{2150E333-8FDC-42A3-9474-1A3956D46DE8}") = "CronJob", "CronJob", "{66677974-10BF-4742-9BC7-B236C3B01887}"
EndProject
Project("{FAE04EC0-301F-11D3-BF4B-00C04F79EFBC}") = "CronJobConsole", "CronJobConsole\CronJobConsole.csproj", "{D195FDBB-A314-459D-AF69-241ED809948B}"
EndProject
Global
	GlobalSection(SolutionConfigurationPlatforms) = preSolution
		Debug|Any CPU = Debug|Any CPU
		Release|Any CPU = Release|Any CPU
	EndGlobalSection
	GlobalSection(ProjectConfigurationPlatforms) = postSolution
		{84E19D73-DD61-425D-9BB8-14E92B950691}.Debug|Any CPU.ActiveCfg = Debug|Any CPU
		{84E19D73-DD61-425D-9BB8-14E92B950691}.Debug|Any CPU.Build.0 = Debug|Any CPU
		{84E19D73-DD61-425D-9BB8-14E92B950691}.Release|Any CPU.ActiveCfg = Release|Any CPU
		{84E19D73-DD61-425D-9BB8-14E92B950691}.Release|Any CPU.Build.0 = Release|Any CPU
		{2496DEB7-A202-4FA7-A5BE-15A9961E3822}.Debug|Any CPU.ActiveCfg = Debug|Any CPU
		{2496DEB7-A202-4FA7-A5BE-15A9961E3822}.Debug|Any CPU.Build.0 = Debug|Any CPU
		{2496DEB7-A202-4FA7-A5BE-15A9961E3822}.Release|Any CPU.ActiveCfg = Release|Any CPU
		{2496DEB7-A202-4FA7-A5BE-15A9961E3822}.Release|Any CPU.Build.0 = Release|Any CPU
		{5A266E47-B445-4602-8D08-11CD0AE46751}.Debug|Any CPU.ActiveCfg = Debug|Any CPU
		{5A266E47-B445-4602-8D08-11CD0AE46751}.Debug|Any CPU.Build.0 = Debug|Any CPU
		{5A266E47-B445-4602-8D08-11CD0AE46751}.Release|Any CPU.ActiveCfg = Release|Any CPU
		{5A266E47-B445-4602-8D08-11CD0AE46751}.Release|Any CPU.Build.0 = Release|Any CPU
		{4B20D0A2-BAA9-449D-9C7F-3CBF2FBC5179}.Debug|Any CPU.ActiveCfg = Debug|Any CPU
		{4B20D0A2-BAA9-449D-9C7F-3CBF2FBC5179}.Debug|Any CPU.Build.0 = Debug|Any CPU
		{4B20D0A2-BAA9-449D-9C7F-3CBF2FBC5179}.Release|Any CPU.ActiveCfg = Release|Any CPU
		{4B20D0A2-BAA9-449D-9C7F-3CBF2FBC5179}.Release|Any CPU.Build.0 = Release|Any CPU
		{1BAAFB92-F0F9-4582-A089-1F7C68A93D63}.Debug|Any CPU.ActiveCfg = Debug|Any CPU
		{1BAAFB92-F0F9-4582-A089-1F7C68A93D63}.Debug|Any CPU.Build.0 = Debug|Any CPU
		{1BAAFB92-F0F9-4582-A089-1F7C68A93D63}.Release|Any CPU.ActiveCfg = Release|Any CPU
		{1BAAFB92-F0F9-4582-A089-1F7C68A93D63}.Release|Any CPU.Build.0 = Release|Any CPU
		{05DD0A19-BB97-4B46-94A3-58F7A0C1815C}.Debug|Any CPU.ActiveCfg = Debug|Any CPU
		{05DD0A19-BB97-4B46-94A3-58F7A0C1815C}.Debug|Any CPU.Build.0 = Debug|Any CPU
		{05DD0A19-BB97-4B46-94A3-58F7A0C1815C}.Release|Any CPU.ActiveCfg = Release|Any CPU
		{05DD0A19-BB97-4B46-94A3-58F7A0C1815C}.Release|Any CPU.Build.0 = Release|Any CPU
		{70D2C383-7436-46BA-9069-80482C58479E}.Debug|Any CPU.ActiveCfg = Debug|Any CPU
		{70D2C383-7436-46BA-9069-80482C58479E}.Debug|Any CPU.Build.0 = Debug|Any CPU
		{70D2C383-7436-46BA-9069-80482C58479E}.Release|Any CPU.ActiveCfg = Release|Any CPU
		{70D2C383-7436-46BA-9069-80482C58479E}.Release|Any CPU.Build.0 = Release|Any CPU
		{1EFAED0A-5DAA-4862-8675-779DF7FC470B}.Debug|Any CPU.ActiveCfg = Debug|Any CPU
		{1EFAED0A-5DAA-4862-8675-779DF7FC470B}.Debug|Any CPU.Build.0 = Debug|Any CPU
		{1EFAED0A-5DAA-4862-8675-779DF7FC470B}.Release|Any CPU.ActiveCfg = Release|Any CPU
		{1EFAED0A-5DAA-4862-8675-779DF7FC470B}.Release|Any CPU.Build.0 = Release|Any CPU
		{98B93DFC-1D0D-4904-AE9F-85F92E69F360}.Debug|Any CPU.ActiveCfg = Debug|Any CPU
		{98B93DFC-1D0D-4904-AE9F-85F92E69F360}.Debug|Any CPU.Build.0 = Debug|Any CPU
		{98B93DFC-1D0D-4904-AE9F-85F92E69F360}.Release|Any CPU.ActiveCfg = Release|Any CPU
		{98B93DFC-1D0D-4904-AE9F-85F92E69F360}.Release|Any CPU.Build.0 = Release|Any CPU
		{6BA5F25E-8E54-4025-A9DD-CE377DD0F4ED}.Debug|Any CPU.ActiveCfg = Debug|Any CPU
		{6BA5F25E-8E54-4025-A9DD-CE377DD0F4ED}.Debug|Any CPU.Build.0 = Debug|Any CPU
		{6BA5F25E-8E54-4025-A9DD-CE377DD0F4ED}.Release|Any CPU.ActiveCfg = Release|Any CPU
		{6BA5F25E-8E54-4025-A9DD-CE377DD0F4ED}.Release|Any CPU.Build.0 = Release|Any CPU
		{5A2CF42D-6ABA-4984-9650-9166E3E3B811}.Debug|Any CPU.ActiveCfg = Debug|Any CPU
		{5A2CF42D-6ABA-4984-9650-9166E3E3B811}.Debug|Any CPU.Build.0 = Debug|Any CPU
		{5A2CF42D-6ABA-4984-9650-9166E3E3B811}.Release|Any CPU.ActiveCfg = Release|Any CPU
		{5A2CF42D-6ABA-4984-9650-9166E3E3B811}.Release|Any CPU.Build.0 = Release|Any CPU
		{CF7EE142-2A1B-4FB5-BAF0-4553EFD99697}.Debug|Any CPU.ActiveCfg = Debug|Any CPU
		{CF7EE142-2A1B-4FB5-BAF0-4553EFD99697}.Debug|Any CPU.Build.0 = Debug|Any CPU
		{CF7EE142-2A1B-4FB5-BAF0-4553EFD99697}.Release|Any CPU.ActiveCfg = Release|Any CPU
		{CF7EE142-2A1B-4FB5-BAF0-4553EFD99697}.Release|Any CPU.Build.0 = Release|Any CPU
		{D195FDBB-A314-459D-AF69-241ED809948B}.Debug|Any CPU.ActiveCfg = Debug|Any CPU
		{D195FDBB-A314-459D-AF69-241ED809948B}.Debug|Any CPU.Build.0 = Debug|Any CPU
		{D195FDBB-A314-459D-AF69-241ED809948B}.Release|Any CPU.ActiveCfg = Release|Any CPU
		{D195FDBB-A314-459D-AF69-241ED809948B}.Release|Any CPU.Build.0 = Release|Any CPU
	EndGlobalSection
	GlobalSection(SolutionProperties) = preSolution
		HideSolutionNode = FALSE
	EndGlobalSection
	GlobalSection(NestedProjects) = preSolution
		{84E19D73-DD61-425D-9BB8-14E92B950691} = {98CA78D3-6645-43F9-B1FD-DA6CF22727E7}
		{2496DEB7-A202-4FA7-A5BE-15A9961E3822} = {D7CF0627-12BC-4EF1-A814-EC9370DA34E6}
		{5A266E47-B445-4602-8D08-11CD0AE46751} = {010690C1-25F7-4AB3-AC39-2B5902C61A0A}
		{4B20D0A2-BAA9-449D-9C7F-3CBF2FBC5179} = {552699C4-F05E-40AA-A1BE-BBA619F94DD5}
		{1BAAFB92-F0F9-4582-A089-1F7C68A93D63} = {8BAEDB02-7433-40B4-B4B7-01AF82C7637D}
		{05DD0A19-BB97-4B46-94A3-58F7A0C1815C} = {AB3C9022-EB03-40D2-8220-C0F32AF45242}
		{70D2C383-7436-46BA-9069-80482C58479E} = {572A90D0-838D-4B39-98CD-BFC9414518B8}
		{1EFAED0A-5DAA-4862-8675-779DF7FC470B} = {25AA1BFF-1FB0-4584-B952-C7BF4C5865D6}
		{98B93DFC-1D0D-4904-AE9F-85F92E69F360} = {B3951C27-AA69-4EF2-92EA-82E6B9996E18}
		{6BA5F25E-8E54-4025-A9DD-CE377DD0F4ED} = {F50BFFD6-FFF8-4CC0-8721-9455694C18FE}
		{5A2CF42D-6ABA-4984-9650-9166E3E3B811} = {1240ABD1-2A4E-4AC6-B152-16AC82F14EF8}
		{CF7EE142-2A1B-4FB5-BAF0-4553EFD99697} = {BA389AED-F1FB-46EF-B594-553C3112BEBB}
		{D195FDBB-A314-459D-AF69-241ED809948B} = {66677974-10BF-4742-9BC7-B236C3B01887}
	EndGlobalSection
	GlobalSection(ExtensibilityGlobals) = postSolution
		SolutionGuid = {76288A63-6D10-4188-8321-0831D3AD072F}
	EndGlobalSection
EndGlobal
